
Microsoft Visual Studio Solution File, Format Version 12.00
# Visual Studio Version 16
VisualStudioVersion = 16.0.33423.256
MinimumVisualStudioVersion = 10.0.40219.1
Project("{FAE04EC0-301F-11D3-BF4B-00C04F79EFBC}") = "Draw_Shape", "Draw_Shape.csproj", "{FFA35860-F5BA-453E-923C-7F9FD9303605}"
EndProject
Global
	GlobalSection(SolutionConfigurationPlatforms) = preSolution
		Debug|Any CPU = Debug|Any CPU
		Release|Any CPU = Release|Any CPU
	EndGlobalSection
	GlobalSection(ProjectConfigurationPlatforms) = postSolution
		{FFA35860-F5BA-453E-923C-7F9FD9303605}.Debug|Any CPU.ActiveCfg = Debug|Any CPU
		{FFA35860-F5BA-453E-923C-7F9FD9303605}.Debug|Any CPU.Build.0 = Debug|Any CPU
		{FFA35860-F5BA-453E-923C-7F9FD9303605}.Release|Any CPU.ActiveCfg = Release|Any CPU
		{FFA35860-F5BA-453E-923C-7F9FD9303605}.Release|Any CPU.Build.0 = Release|Any CPU
	EndGlobalSection
	GlobalSection(SolutionProperties) = preSolution
		HideSolutionNode = FALSE
	EndGlobalSection
	GlobalSection(ExtensibilityGlobals) = postSolution
		SolutionGuid = {3AA2EFC6-8D1A-4086-9110-E6BD23734140}
	EndGlobalSection
EndGlobal
